
Microsoft Visual Studio Solution File, Format Version 12.00
# Visual Studio Version 17
VisualStudioVersion = 17.11.35222.181
MinimumVisualStudioVersion = 10.0.40219.1
Project("{FAE04EC0-301F-11D3-BF4B-00C04F79EFBC}") = "matrices", "matrices\matrices.csproj", "{12A9C474-F6D9-4EB3-A459-CFFA695C22AD}"
EndProject
Global
	GlobalSection(SolutionConfigurationPlatforms) = preSolution
		Debug|Any CPU = Debug|Any CPU
		Release|Any CPU = Release|Any CPU
	EndGlobalSection
	GlobalSection(ProjectConfigurationPlatforms) = postSolution
		{12A9C474-F6D9-4EB3-A459-CFFA695C22AD}.Debug|Any CPU.ActiveCfg = Debug|Any CPU
		{12A9C474-F6D9-4EB3-A459-CFFA695C22AD}.Debug|Any CPU.Build.0 = Debug|Any CPU
		{12A9C474-F6D9-4EB3-A459-CFFA695C22AD}.Release|Any CPU.ActiveCfg = Release|Any CPU
		{12A9C474-F6D9-4EB3-A459-CFFA695C22AD}.Release|Any CPU.Build.0 = Release|Any CPU
	EndGlobalSection
	GlobalSection(SolutionProperties) = preSolution
		HideSolutionNode = FALSE
	EndGlobalSection
	GlobalSection(ExtensibilityGlobals) = postSolution
		SolutionGuid = {AAC5C955-7E7C-481C-AFD6-C8C4C5246275}
	EndGlobalSection
EndGlobal
