
Microsoft Visual Studio Solution File, Format Version 12.00
# Visual Studio Version 17
VisualStudioVersion = 17.11.35222.181
MinimumVisualStudioVersion = 10.0.40219.1
Project("{FAE04EC0-301F-11D3-BF4B-00C04F79EFBC}") = "cofe machine", "cofe machine\cofe machine.csproj", "{82673CE8-32DD-4173-B24F-8FB2A3F3B1BB}"
EndProject
Global
	GlobalSection(SolutionConfigurationPlatforms) = preSolution
		Debug|Any CPU = Debug|Any CPU
		Release|Any CPU = Release|Any CPU
	EndGlobalSection
	GlobalSection(ProjectConfigurationPlatforms) = postSolution
		{82673CE8-32DD-4173-B24F-8FB2A3F3B1BB}.Debug|Any CPU.ActiveCfg = Debug|Any CPU
		{82673CE8-32DD-4173-B24F-8FB2A3F3B1BB}.Debug|Any CPU.Build.0 = Debug|Any CPU
		{82673CE8-32DD-4173-B24F-8FB2A3F3B1BB}.Release|Any CPU.ActiveCfg = Release|Any CPU
		{82673CE8-32DD-4173-B24F-8FB2A3F3B1BB}.Release|Any CPU.Build.0 = Release|Any CPU
	EndGlobalSection
	GlobalSection(SolutionProperties) = preSolution
		HideSolutionNode = FALSE
	EndGlobalSection
	GlobalSection(ExtensibilityGlobals) = postSolution
		SolutionGuid = {CB167F6E-A2CD-455D-A4F4-C62BDD6858A2}
	EndGlobalSection
EndGlobal
